
Microsoft Visual Studio Solution File, Format Version 12.00
# Visual Studio 14
VisualStudioVersion = 14.0.24720.0
MinimumVisualStudioVersion = 10.0.40219.1
Project("{F184B08F-C81C-45F6-A57F-5ABD9991F28F}") = "SettingController", "SettingController\SettingController.vbproj", "{71690122-9649-43D9-9A80-A05E9592E249}"
EndProject
Project("{F184B08F-C81C-45F6-A57F-5ABD9991F28F}") = "InternationalSettingControl", "InternationalSettingControl\InternationalSettingControl.vbproj", "{80213D0E-36E8-48CB-A166-8254C3FABFDD}"
EndProject
Project("{F184B08F-C81C-45F6-A57F-5ABD9991F28F}") = "InternationalSettingHandler", "InternationalSettingHandler\InternationalSettingHandler.vbproj", "{CFE153F1-5094-47D8-95D9-FE24BC0A3FCC}"
EndProject
Project("{FAE04EC0-301F-11D3-BF4B-00C04F79EFBC}") = "InputStateNameWindow", "InputStateNameWindow\InputStateNameWindow.csproj", "{BD189FA2-EBD7-4AA0-92AA-1DC60AD6D6B1}"
EndProject
Project("{F184B08F-C81C-45F6-A57F-5ABD9991F28F}") = "ValueConverters", "ValueConverters\ValueConverters.vbproj", "{22C71D78-DCC1-4344-861B-C4EBCB6F1C09}"
EndProject
Project("{F184B08F-C81C-45F6-A57F-5ABD9991F28F}") = "ModalDialogs", "ModalDialogs\ModalDialogs.vbproj", "{754BD47A-85A8-4684-A47B-F9ACF3C2161C}"
EndProject
Global
	GlobalSection(SolutionConfigurationPlatforms) = preSolution
		Debug|Any CPU = Debug|Any CPU
		Release|Any CPU = Release|Any CPU
	EndGlobalSection
	GlobalSection(ProjectConfigurationPlatforms) = postSolution
		{71690122-9649-43D9-9A80-A05E9592E249}.Debug|Any CPU.ActiveCfg = Debug|Any CPU
		{71690122-9649-43D9-9A80-A05E9592E249}.Debug|Any CPU.Build.0 = Debug|Any CPU
		{71690122-9649-43D9-9A80-A05E9592E249}.Release|Any CPU.ActiveCfg = Release|Any CPU
		{71690122-9649-43D9-9A80-A05E9592E249}.Release|Any CPU.Build.0 = Release|Any CPU
		{80213D0E-36E8-48CB-A166-8254C3FABFDD}.Debug|Any CPU.ActiveCfg = Debug|Any CPU
		{80213D0E-36E8-48CB-A166-8254C3FABFDD}.Debug|Any CPU.Build.0 = Debug|Any CPU
		{80213D0E-36E8-48CB-A166-8254C3FABFDD}.Release|Any CPU.ActiveCfg = Release|Any CPU
		{80213D0E-36E8-48CB-A166-8254C3FABFDD}.Release|Any CPU.Build.0 = Release|Any CPU
		{CFE153F1-5094-47D8-95D9-FE24BC0A3FCC}.Debug|Any CPU.ActiveCfg = Debug|Any CPU
		{CFE153F1-5094-47D8-95D9-FE24BC0A3FCC}.Debug|Any CPU.Build.0 = Debug|Any CPU
		{CFE153F1-5094-47D8-95D9-FE24BC0A3FCC}.Release|Any CPU.ActiveCfg = Release|Any CPU
		{CFE153F1-5094-47D8-95D9-FE24BC0A3FCC}.Release|Any CPU.Build.0 = Release|Any CPU
		{BD189FA2-EBD7-4AA0-92AA-1DC60AD6D6B1}.Debug|Any CPU.ActiveCfg = Debug|Any CPU
		{BD189FA2-EBD7-4AA0-92AA-1DC60AD6D6B1}.Debug|Any CPU.Build.0 = Debug|Any CPU
		{BD189FA2-EBD7-4AA0-92AA-1DC60AD6D6B1}.Release|Any CPU.ActiveCfg = Release|Any CPU
		{BD189FA2-EBD7-4AA0-92AA-1DC60AD6D6B1}.Release|Any CPU.Build.0 = Release|Any CPU
		{22C71D78-DCC1-4344-861B-C4EBCB6F1C09}.Debug|Any CPU.ActiveCfg = Debug|Any CPU
		{22C71D78-DCC1-4344-861B-C4EBCB6F1C09}.Debug|Any CPU.Build.0 = Debug|Any CPU
		{22C71D78-DCC1-4344-861B-C4EBCB6F1C09}.Release|Any CPU.ActiveCfg = Release|Any CPU
		{22C71D78-DCC1-4344-861B-C4EBCB6F1C09}.Release|Any CPU.Build.0 = Release|Any CPU
		{754BD47A-85A8-4684-A47B-F9ACF3C2161C}.Debug|Any CPU.ActiveCfg = Debug|Any CPU
		{754BD47A-85A8-4684-A47B-F9ACF3C2161C}.Debug|Any CPU.Build.0 = Debug|Any CPU
		{754BD47A-85A8-4684-A47B-F9ACF3C2161C}.Release|Any CPU.ActiveCfg = Release|Any CPU
		{754BD47A-85A8-4684-A47B-F9ACF3C2161C}.Release|Any CPU.Build.0 = Release|Any CPU
	EndGlobalSection
	GlobalSection(SolutionProperties) = preSolution
		HideSolutionNode = FALSE
	EndGlobalSection
EndGlobal
